
Microsoft Visual Studio Solution File, Format Version 11.00
# Visual Studio 2010
Project("{FAE04EC0-301F-11D3-BF4B-00C04F79EFBC}") = "Assembly-CSharp", "Assembly-CSharp.csproj", "{55E71670-C859-4EB3-F3F2-2FDD42BD38A5}"
EndProject
Project("{FAE04EC0-301F-11D3-BF4B-00C04F79EFBC}") = "Assembly-CSharp-Editor", "Assembly-CSharp-Editor.csproj", "{FFEBD2B9-56BB-2D5E-E180-FD98D21391C5}"
EndProject
Global
	GlobalSection(SolutionConfigurationPlatforms) = preSolution
		Debug|Any CPU = Debug|Any CPU
		Release|Any CPU = Release|Any CPU
	EndGlobalSection
	GlobalSection(ProjectConfigurationPlatforms) = postSolution
		{55E71670-C859-4EB3-F3F2-2FDD42BD38A5}.Debug|Any CPU.ActiveCfg = Debug|Any CPU
		{55E71670-C859-4EB3-F3F2-2FDD42BD38A5}.Debug|Any CPU.Build.0 = Debug|Any CPU
		{55E71670-C859-4EB3-F3F2-2FDD42BD38A5}.Release|Any CPU.ActiveCfg = Release|Any CPU
		{55E71670-C859-4EB3-F3F2-2FDD42BD38A5}.Release|Any CPU.Build.0 = Release|Any CPU
		{FFEBD2B9-56BB-2D5E-E180-FD98D21391C5}.Debug|Any CPU.ActiveCfg = Debug|Any CPU
		{FFEBD2B9-56BB-2D5E-E180-FD98D21391C5}.Debug|Any CPU.Build.0 = Debug|Any CPU
		{FFEBD2B9-56BB-2D5E-E180-FD98D21391C5}.Release|Any CPU.ActiveCfg = Release|Any CPU
		{FFEBD2B9-56BB-2D5E-E180-FD98D21391C5}.Release|Any CPU.Build.0 = Release|Any CPU
	EndGlobalSection
	GlobalSection(SolutionProperties) = preSolution
		HideSolutionNode = FALSE
	EndGlobalSection
	GlobalSection(MonoDevelopProperties) = preSolution
		StartupItem = Assembly-CSharp.csproj
	EndGlobalSection
EndGlobal
